
Microsoft Visual Studio Solution File, Format Version 12.00
# Visual Studio Version 17
VisualStudioVersion = 17.5.002.0
MinimumVisualStudioVersion = 10.0.40219.1
Project("{9A19103F-16F7-4668-BE54-9A1E7A4F7556}") = "Day10", "Day10.csproj", "{AA1F66E1-7178-4B1F-86C5-C6609C89CEF5}"
EndProject
Global
	GlobalSection(SolutionConfigurationPlatforms) = preSolution
		Debug|Any CPU = Debug|Any CPU
		Release|Any CPU = Release|Any CPU
	EndGlobalSection
	GlobalSection(ProjectConfigurationPlatforms) = postSolution
		{AA1F66E1-7178-4B1F-86C5-C6609C89CEF5}.Debug|Any CPU.ActiveCfg = Debug|Any CPU
		{AA1F66E1-7178-4B1F-86C5-C6609C89CEF5}.Debug|Any CPU.Build.0 = Debug|Any CPU
		{AA1F66E1-7178-4B1F-86C5-C6609C89CEF5}.Release|Any CPU.ActiveCfg = Release|Any CPU
		{AA1F66E1-7178-4B1F-86C5-C6609C89CEF5}.Release|Any CPU.Build.0 = Release|Any CPU
	EndGlobalSection
	GlobalSection(SolutionProperties) = preSolution
		HideSolutionNode = FALSE
	EndGlobalSection
	GlobalSection(ExtensibilityGlobals) = postSolution
		SolutionGuid = {70677701-61B0-48F0-AC6F-8F757682BA7A}
	EndGlobalSection
EndGlobal
