
Microsoft Visual Studio Solution File, Format Version 12.00
# Visual Studio Version 17
VisualStudioVersion = 17.5.002.0
MinimumVisualStudioVersion = 10.0.40219.1
Project("{9A19103F-16F7-4668-BE54-9A1E7A4F7556}") = "day7", "day7.csproj", "{34BCF337-8C32-4628-ADD5-FCCEB3BF862B}"
EndProject
Global
	GlobalSection(SolutionConfigurationPlatforms) = preSolution
		Debug|Any CPU = Debug|Any CPU
		Release|Any CPU = Release|Any CPU
	EndGlobalSection
	GlobalSection(ProjectConfigurationPlatforms) = postSolution
		{34BCF337-8C32-4628-ADD5-FCCEB3BF862B}.Debug|Any CPU.ActiveCfg = Debug|Any CPU
		{34BCF337-8C32-4628-ADD5-FCCEB3BF862B}.Debug|Any CPU.Build.0 = Debug|Any CPU
		{34BCF337-8C32-4628-ADD5-FCCEB3BF862B}.Release|Any CPU.ActiveCfg = Release|Any CPU
		{34BCF337-8C32-4628-ADD5-FCCEB3BF862B}.Release|Any CPU.Build.0 = Release|Any CPU
	EndGlobalSection
	GlobalSection(SolutionProperties) = preSolution
		HideSolutionNode = FALSE
	EndGlobalSection
	GlobalSection(ExtensibilityGlobals) = postSolution
		SolutionGuid = {1295F60B-EFE8-4385-BBC0-DED7670889B7}
	EndGlobalSection
EndGlobal
