
Microsoft Visual Studio Solution File, Format Version 12.00
# Visual Studio Version 17
VisualStudioVersion = 17.5.002.0
MinimumVisualStudioVersion = 10.0.40219.1
Project("{9A19103F-16F7-4668-BE54-9A1E7A4F7556}") = "Day25", "Day25.csproj", "{8FF9206E-4A1F-4319-AC86-B73E42B4DEE2}"
EndProject
Global
	GlobalSection(SolutionConfigurationPlatforms) = preSolution
		Debug|Any CPU = Debug|Any CPU
		Release|Any CPU = Release|Any CPU
	EndGlobalSection
	GlobalSection(ProjectConfigurationPlatforms) = postSolution
		{8FF9206E-4A1F-4319-AC86-B73E42B4DEE2}.Debug|Any CPU.ActiveCfg = Debug|Any CPU
		{8FF9206E-4A1F-4319-AC86-B73E42B4DEE2}.Debug|Any CPU.Build.0 = Debug|Any CPU
		{8FF9206E-4A1F-4319-AC86-B73E42B4DEE2}.Release|Any CPU.ActiveCfg = Release|Any CPU
		{8FF9206E-4A1F-4319-AC86-B73E42B4DEE2}.Release|Any CPU.Build.0 = Release|Any CPU
	EndGlobalSection
	GlobalSection(SolutionProperties) = preSolution
		HideSolutionNode = FALSE
	EndGlobalSection
	GlobalSection(ExtensibilityGlobals) = postSolution
		SolutionGuid = {D579AE77-E8F8-48A4-9F94-3ECA3EC1B651}
	EndGlobalSection
EndGlobal
